lockfileVersion: '9.0'

settings:
  autoInstallPeers: true
  excludeLinksFromLockfile: false

importers:

  .:
    dependencies:
      '@tanstack/cta-engine':
        specifier: ^0.48.0
        version: 0.48.0(tslib@2.8.1)
      chalk:
        specifier: ^5.4.1
        version: 5.6.2
      commander:
        specifier: ^13.1.0
        version: 13.1.0
      validate-npm-package-name:
        specifier: ^7.0.0
        version: 7.0.2
    devDependencies:
      '@types/node':
        specifier: ^22.13.4
        version: 22.19.7
      '@types/validate-npm-package-name':
        specifier: ^4.0.2
        version: 4.0.2
      semver:
        specifier: ^7.6.3
        version: 7.7.3
      typescript:
        specifier: ^5.6.3
        version: 5.9.3

packages:

  '@isaacs/balanced-match@4.0.1':
    resolution: {integrity: sha512-yzMTt9lEb8Gv7zRioUilSglI0c0smZ9k5D65677DLWLtWJaXIS3CqcGyUFByYKlnUj6TkjLVs54fBl6+TiGQDQ==}
    engines: {node: 20 || >=22}

  '@isaacs/brace-expansion@5.0.0':
    resolution: {integrity: sha512-ZT55BDLV0yv0RBm2czMiZ+SqCGO7AvmOM3G/w2xhVPH+te0aKgFjmBvGlL1dH+ql2tgGO3MVrbb3jCKyvpgnxA==}
    engines: {node: 20 || >=22}

  '@jsonjoy.com/base64@1.1.2':
    resolution: {integrity: sha512-q6XAnWQDIMA3+FTiOYajoYqySkO+JSat0ytXGSuRdq9uXE7o92gzuQwQM14xaCRlBLGq3v5miDGC4vkVTn54xA==}
    engines: {node: '>=10.0'}
    peerDependencies:
      tslib: '2'

  '@jsonjoy.com/base64@17.65.0':
    resolution: {integrity: sha512-Xrh7Fm/M0QAYpekSgmskdZYnFdSGnsxJ/tHaolA4bNwWdG9i65S8m83Meh7FOxyJyQAdo4d4J97NOomBLEfkDQ==}
    engines: {node: '>=10.0'}
    peerDependencies:
      tslib: '2'

  '@jsonjoy.com/buffers@1.2.1':
    resolution: {integrity: sha512-12cdlDwX4RUM3QxmUbVJWqZ/mrK6dFQH4Zxq6+r1YXKXYBNgZXndx2qbCJwh3+WWkCSn67IjnlG3XYTvmvYtgA==}
    engines: {node: '>=10.0'}
    peerDependencies:
      tslib: '2'

  '@jsonjoy.com/buffers@17.65.0':
    resolution: {integrity: sha512-eBrIXd0/Ld3p9lpDDlMaMn6IEfWqtHMD+z61u0JrIiPzsV1r7m6xDZFRxJyvIFTEO+SWdYF9EiQbXZGd8BzPfA==}
    engines: {node: '>=10.0'}
    peerDependencies:
      tslib: '2'

  '@jsonjoy.com/codegen@1.0.0':
    resolution: {integrity: sha512-E8Oy+08cmCf0EK/NMxpaJZmOxPqM+6iSe2S4nlSBrPZOORoDJILxtbSUEDKQyTamm/BVAhIGllOBNU79/dwf0g==}
    engines: {node: '>=10.0'}
    peerDependencies:
      tslib: '2'

  '@jsonjoy.com/codegen@17.65.0':
    resolution: {integrity: sha512-7MXcRYe7n3BG+fo3jicvjB0+6ypl2Y/bQp79Sp7KeSiiCgLqw4Oled6chVv07/xLVTdo3qa1CD0VCCnPaw+RGA==}
    engines: {node: '>=10.0'}
    peerDependencies:
      tslib: '2'

  '@jsonjoy.com/fs-core@4.56.9':
    resolution: {integrity: sha512-BUkXXWL3I7VZ34cpmP7WSttmP5o+z+lxi3teYMnEcUOKBu7DhCFxCesOevw+UATUewMHRMUtsmFYxOxgV7SQwg==}
    engines: {node: '>=10.0'}
    peerDependencies:
      tslib: '2'

  '@jsonjoy.com/fs-fsa@4.56.9':
    resolution: {integrity: sha512-g15wwrvRRsy73p/b93XltxMkARyh3efxZNkrKbiocUNaPnHF+iDXQ1IlBwsTi5zxijdCYOsmVuyEdBX87tLqlw==}
    engines: {node: '>=10.0'}
    peerDependencies:
      tslib: '2'

  '@jsonjoy.com/fs-node-builtins@4.56.9':
    resolution: {integrity: sha512-q9MEsySAwyhgy1GT1FKfnKJ1a8bJmzbQnMGQA94F663C/wycrSgRrM33byzTAwn6FBRzMfTvABANkYvkOeYGhw==}
    engines: {node: '>=10.0'}
    peerDependencies:
      tslib: '2'

  '@jsonjoy.com/fs-node-to-fsa@4.56.9':
    resolution: {integrity: sha512-rOnn9FBLY+JWy0UDSXaYXY45j7FxfRJepRW5pZvNbdAzHYFZ0/M3OQ1+RfZsMYgWeMkaN9pGhOsIj/A7P9pAXA==}
    engines: {node: '>=10.0'}
    peerDependencies:
      tslib: '2'

  '@jsonjoy.com/fs-node-utils@4.56.9':
    resolution: {integrity: sha512-UMUirCu0jDPyJEsfllKX1SmK9E7ww2VltWiq2qBCy3ZcyHqDuHswPycrxLTwGrLJnGiHPW9f7LOniP7enl9jYQ==}
    engines: {node: '>=10.0'}
    peerDependencies:
      tslib: '2'

  '@jsonjoy.com/fs-node@4.56.9':
    resolution: {integrity: sha512-YiI2iqVMi/Ro9BcqWWLQBv939gje748pC4t376M/goQoLaM0sItsj0bBTiQr4eXyLsLdGw10n/F/kH5/snBe7g==}
    engines: {node: '>=10.0'}
    peerDependencies:
      tslib: '2'

  '@jsonjoy.com/fs-print@4.56.9':
    resolution: {integrity: sha512-Op6rXFnmhHHAClNvHFGx9zALHgZfyPdPBd0WIf/MBr4DEoShhAj0MZxg0jMO7foqleq2YSNNCNBMFGkmY43wAQ==}
    engines: {node: '>=10.0'}
    peerDependencies:
      tslib: '2'

  '@jsonjoy.com/fs-snapshot@4.56.9':
    resolution: {integrity: sha512-nMxEvDku2bCdCCNLkjd9hjPyUng8mLIfok8yAQ0zHNbZqeE44K5CSXnT0o3TGzv/zWynM49rUlF95ZjlNazFAQ==}
    engines: {node: '>=10.0'}
    peerDependencies:
      tslib: '2'

  '@jsonjoy.com/json-pack@1.21.0':
    resolution: {integrity: sha512-+AKG+R2cfZMShzrF2uQw34v3zbeDYUqnQ+jg7ORic3BGtfw9p/+N6RJbq/kkV8JmYZaINknaEQ2m0/f693ZPpg==}
    engines: {node: '>=10.0'}
    peerDependencies:
      tslib: '2'

  '@jsonjoy.com/json-pack@17.65.0':
    resolution: {integrity: sha512-e0SG/6qUCnVhHa0rjDJHgnXnbsacooHVqQHxspjvlYQSkHm+66wkHw6Gql+3u/WxI/b1VsOdUi0M+fOtkgKGdQ==}
    engines: {node: '>=10.0'}
    peerDependencies:
      tslib: '2'

  '@jsonjoy.com/json-pointer@1.0.2':
    resolution: {integrity: sha512-Fsn6wM2zlDzY1U+v4Nc8bo3bVqgfNTGcn6dMgs6FjrEnt4ZCe60o6ByKRjOGlI2gow0aE/Q41QOigdTqkyK5fg==}
    engines: {node: '>=10.0'}
    peerDependencies:
      tslib: '2'

  '@jsonjoy.com/json-pointer@17.65.0':
    resolution: {integrity: sha512-uhTe+XhlIZpWOxgPcnO+iSCDgKKBpwkDVTyYiXX9VayGV8HSFVJM67M6pUE71zdnXF1W0Da21AvnhlmdwYPpow==}
    engines: {node: '>=10.0'}
    peerDependencies:
      tslib: '2'

  '@jsonjoy.com/util@1.9.0':
    resolution: {integrity: sha512-pLuQo+VPRnN8hfPqUTLTHk126wuYdXVxE6aDmjSeV4NCAgyxWbiOIeNJVtID3h1Vzpoi9m4jXezf73I6LgabgQ==}
    engines: {node: '>=10.0'}
    peerDependencies:
      tslib: '2'

  '@jsonjoy.com/util@17.65.0':
    resolution: {integrity: sha512-cWiEHZccQORf96q2y6zU3wDeIVPeidmGqd9cNKJRYoVHTV0S1eHPy5JTbHpMnGfDvtvujQwQozOqgO9ABu6h0w==}
    engines: {node: '>=10.0'}
    peerDependencies:
      tslib: '2'

  '@sec-ant/readable-stream@0.4.1':
    resolution: {integrity: sha512-831qok9r2t8AlxLko40y2ebgSDhenenCatLVeW/uBtnHPyhHOvG0C7TvfgecV+wHzIm5KUICgzmVpWS+IMEAeg==}

  '@sindresorhus/merge-streams@4.0.0':
    resolution: {integrity: sha512-tlqY9xq5ukxTUZBmoOp+m61cqwQD5pHJtFY3Mn8CA8ps6yghLH/Hw8UPdqg4OLmFW3IFlcXnQNmo/dh8HzXYIQ==}
    engines: {node: '>=18'}

  '@tanstack/cta-engine@0.48.0':
    resolution: {integrity: sha512-CDaA3zaZn0jDw6J77B9V6ZpZ2F/0RfaCZnnUAGMQzglCpnLSWhrunFagmDE65JVHraluJuujKRmxPCa7l8+6Mw==}

  '@types/node@22.19.7':
    resolution: {integrity: sha512-MciR4AKGHWl7xwxkBa6xUGxQJ4VBOmPTF7sL+iGzuahOFaO0jHCsuEfS80pan1ef4gWId1oWOweIhrDEYLuaOw==}

  '@types/validate-npm-package-name@4.0.2':
    resolution: {integrity: sha512-lrpDziQipxCEeK5kWxvljWYhUvOiB2A9izZd9B2AFarYAkqZshb4lPbRs7zKEic6eGtH8V/2qJW+dPp9OtF6bw==}

  async@3.2.6:
    resolution: {integrity: sha512-htCUDlxyyCLMgaM3xXg0C0LW2xqfuQ6p05pCEIsXuyQ+a1koYKTuBMzRNwmybfLgvJDMd0r1LTn4+E0Ti6C2AA==}

  balanced-match@1.0.2:
    resolution: {integrity: sha512-3oSeUO0TMV67hN1AmbXsK4yaqU7tjiHlbxRDZOpH0KW9+CeX4bRAaX0Anxt0tx2MrpRpWwQaPwIlISEJhYU5Pw==}

  brace-expansion@2.0.2:
    resolution: {integrity: sha512-Jt0vHyM+jmUBqojB7E1NIYadt0vI0Qxjxd2TErW94wDz+E2LAm5vKMXXwg6ZZBTHPuUlDgQHKXvjGBdfcF1ZDQ==}

  chalk@5.6.2:
    resolution: {integrity: sha512-7NzBL0rN6fMUW+f7A6Io4h40qQlG+xGmtMxfbnH/K7TAtt8JQWVQK+6g0UXKMeVJoyV5EkkNsErQ8pVD3bLHbA==}
    engines: {node: ^12.17.0 || ^14.13 || >=16.0.0}

  commander@13.1.0:
    resolution: {integrity: sha512-/rFeCpNJQbhSZjGVwO9RFV3xPqbnERS8MmIQzCtD/zl6gpJuV/bMLuN92oG3F7d8oDEHHRrujSXNUr8fpjntKw==}
    engines: {node: '>=18'}

  cross-spawn@7.0.6:
    resolution: {integrity: sha512-uV2QOWP2nWzsy2aMp8aRibhi9dlzF5Hgh5SHaB9OiTGEyDTiJJyx0uy51QXdyWbtAHNua4XJzUKca3OzKUd3vA==}
    engines: {node: '>= 8'}

  ejs@3.1.10:
    resolution: {integrity: sha512-UeJmFfOrAQS8OJWPZ4qtgHyWExa088/MtK5UEyoJGFH67cDEXkZSviOiKRCZ4Xij0zxI3JECgYs3oKx+AizQBA==}
    engines: {node: '>=0.10.0'}
    hasBin: true

  execa@9.6.1:
    resolution: {integrity: sha512-9Be3ZoN4LmYR90tUoVu2te2BsbzHfhJyfEiAVfz7N5/zv+jduIfLrV2xdQXOHbaD6KgpGdO9PRPM1Y4Q9QkPkA==}
    engines: {node: ^18.19.0 || >=20.5.0}

  figures@6.1.0:
    resolution: {integrity: sha512-d+l3qxjSesT4V7v2fh+QnmFnUWv9lSpjarhShNTgBOfA0ttejbQUAlHLitbjkoRiDulW0OPoQPYIGhIC8ohejg==}
    engines: {node: '>=18'}

  filelist@1.0.4:
    resolution: {integrity: sha512-w1cEuf3S+DrLCQL7ET6kz+gmlJdbq9J7yXCSjK/OZCPA+qEN1WyF4ZAf0YYJa4/shHJra2t/d/r8SV4Ji+x+8Q==}

  get-stream@9.0.1:
    resolution: {integrity: sha512-kVCxPF3vQM/N0B1PmoqVUqgHP+EeVjmZSQn+1oCRPxd2P21P2F19lIgbR3HBosbB1PUhOAoctJnfEn2GbN2eZA==}
    engines: {node: '>=18'}

  glob-to-regex.js@1.2.0:
    resolution: {integrity: sha512-QMwlOQKU/IzqMUOAZWubUOT8Qft+Y0KQWnX9nK3ch0CJg0tTp4TvGZsTfudYKv2NzoQSyPcnA6TYeIQ3jGichQ==}
    engines: {node: '>=10.0'}
    peerDependencies:
      tslib: '2'

  glob@13.0.0:
    resolution: {integrity: sha512-tvZgpqk6fz4BaNZ66ZsRaZnbHvP/jG3uKJvAZOwEVUL4RTA5nJeeLYfyN9/VA8NX/V3IBG+hkeuGpKjvELkVhA==}
    engines: {node: 20 || >=22}

  human-signals@8.0.1:
    resolution: {integrity: sha512-eKCa6bwnJhvxj14kZk5NCPc6Hb6BdsU9DZcOnmQKSnO1VKrfV0zCvtttPZUsBvjmNDn8rpcJfpwSYnHBjc95MQ==}
    engines: {node: '>=18.18.0'}

  hyperdyperid@1.2.0:
    resolution: {integrity: sha512-Y93lCzHYgGWdrJ66yIktxiaGULYc6oGiABxhcO5AufBeOyoIdZF7bIfLaOrbM0iGIOXQQgxxRrFEnb+Y6w1n4A==}
    engines: {node: '>=10.18'}

  ignore@7.0.5:
    resolution: {integrity: sha512-Hs59xBNfUIunMFgWAbGX5cq6893IbWg4KnrjbYwX3tx0ztorVgTDA6B2sxf8ejHJ4wz8BqGUMYlnzNBer5NvGg==}
    engines: {node: '>= 4'}

  is-plain-obj@4.1.0:
    resolution: {integrity: sha512-+Pgi+vMuUNkJyExiMBt5IlFoMyKnr5zhJ4Uspz58WOhBF5QoIZkFyNHIbBAtHwzVAgk5RtndVNsDRN61/mmDqg==}
    engines: {node: '>=12'}

  is-stream@4.0.1:
    resolution: {integrity: sha512-Dnz92NInDqYckGEUJv689RbRiTSEHCQ7wOVeALbkOz999YpqT46yMRIGtSNl2iCL1waAZSx40+h59NV/EwzV/A==}
    engines: {node: '>=18'}

  is-unicode-supported@2.1.0:
    resolution: {integrity: sha512-mE00Gnza5EEB3Ds0HfMyllZzbBrmLOX3vfWoj9A9PEnTfratQ/BcaJOuMhnkhjXvb2+FkY3VuHqtAGpTPmglFQ==}
    engines: {node: '>=18'}

  isexe@2.0.0:
    resolution: {integrity: sha512-RHxMLp9lnKHGHRng9QFhRCMbYAcVpn69smSGcq3f36xjgVVWThj4qqLbTLlq7Ssj8B+fIQ1EuCEGI2lKsyQeIw==}

  jake@10.9.4:
    resolution: {integrity: sha512-wpHYzhxiVQL+IV05BLE2Xn34zW1S223hvjtqk0+gsPrwd/8JNLXJgZZM/iPFsYc1xyphF+6M6EvdE5E9MBGkDA==}
    engines: {node: '>=10'}
    hasBin: true

  lru-cache@11.2.4:
    resolution: {integrity: sha512-B5Y16Jr9LB9dHVkh6ZevG+vAbOsNOYCX+sXvFWFu7B3Iz5mijW3zdbMyhsh8ANd2mSWBYdJgnqi+mL7/LrOPYg==}
    engines: {node: 20 || >=22}

  memfs@4.56.9:
    resolution: {integrity: sha512-Fo+xSG0MhtaPyEi7B2AEj4omBen3kb5RCeFKaM/YVsxgO8vkcpX0tkheRIoCGqXw9oAnFQRe1oWuR1xq4oE17A==}
    peerDependencies:
      tslib: '2'

  minimatch@10.1.1:
    resolution: {integrity: sha512-enIvLvRAFZYXJzkCYG5RKmPfrFArdLv+R+lbQ53BmIMLIry74bjKzX6iHAm8WYamJkhSSEabrWN5D97XnKObjQ==}
    engines: {node: 20 || >=22}

  minimatch@5.1.6:
    resolution: {integrity: sha512-lKwV/1brpG6mBUFHtb7NUmtABCb2WZZmm2wNiOA5hAb8VdCS4B3dtMWyvcoViccwAW/COERjXLt0zP1zXUN26g==}
    engines: {node: '>=10'}

  minipass@7.1.2:
    resolution: {integrity: sha512-qOOzS1cBTWYF4BH8fVePDBOO9iptMnGUEZwNc/cMWnTV2nVLZ7VoNWEPHkYczZA0pdoA7dl6e7FL659nX9S2aw==}
    engines: {node: '>=16 || 14 >=14.17'}

  npm-run-path@6.0.0:
    resolution: {integrity: sha512-9qny7Z9DsQU8Ou39ERsPU4OZQlSTP47ShQzuKZ6PRXpYLtIFgl/DEBYEXKlvcEa+9tHVcK8CF81Y2V72qaZhWA==}
    engines: {node: '>=18'}

  package-json-from-dist@1.0.1:
    resolution: {integrity: sha512-UEZIS3/by4OC8vL3P2dTXRETpebLI2NiI5vIrjaD/5UtrkFX/tNbwjTSRAGC/+7CAo2pIcBaRgWmcBBHcsaCIw==}

  parse-gitignore@2.0.0:
    resolution: {integrity: sha512-RmVuCHWsfu0QPNW+mraxh/xjQVw/lhUCUru8Zni3Ctq3AoMhpDTq0OVdKS6iesd6Kqb7viCV3isAL43dciOSog==}
    engines: {node: '>=14'}

  parse-ms@4.0.0:
    resolution: {integrity: sha512-TXfryirbmq34y8QBwgqCVLi+8oA3oWx2eAnSn62ITyEhEYaWRlVZ2DvMM9eZbMs/RfxPu/PK/aBLyGj4IrqMHw==}
    engines: {node: '>=18'}

  path-key@3.1.1:
    resolution: {integrity: sha512-ojmeN0qd+y0jszEtoY48r0Peq5dwMEkIlCOu6Q5f41lfkswXuKtYrhgoTpLnyIcHm24Uhqx+5Tqm2InSwLhE6Q==}
    engines: {node: '>=8'}

  path-key@4.0.0:
    resolution: {integrity: sha512-haREypq7xkM7ErfgIyA0z+Bj4AGKlMSdlQE2jvJo6huWD1EdkKYV+G/T4nq0YEF2vgTT8kqMFKo1uHn950r4SQ==}
    engines: {node: '>=12'}

  path-scurry@2.0.1:
    resolution: {integrity: sha512-oWyT4gICAu+kaA7QWk/jvCHWarMKNs6pXOGWKDTr7cw4IGcUbW+PeTfbaQiLGheFRpjo6O9J0PmyMfQPjH71oA==}
    engines: {node: 20 || >=22}

  picocolors@1.1.1:
    resolution: {integrity: sha512-xceH2snhtb5M9liqDsmEw56le376mTZkEX/jEb/RxNFyegNul7eNslCXP9FDj/Lcu0X8KEyMceP2ntpaHrDEVA==}

  prettier@3.8.1:
    resolution: {integrity: sha512-UOnG6LftzbdaHZcKoPFtOcCKztrQ57WkHDeRD9t/PTQtmT0NHSeWWepj6pS0z/N7+08BHFDQVUrfmfMRcZwbMg==}
    engines: {node: '>=14'}
    hasBin: true

  pretty-ms@9.3.0:
    resolution: {integrity: sha512-gjVS5hOP+M3wMm5nmNOucbIrqudzs9v/57bWRHQWLYklXqoXKrVfYW2W9+glfGsqtPgpiz5WwyEEB+ksXIx3gQ==}
    engines: {node: '>=18'}

  rimraf@6.1.2:
    resolution: {integrity: sha512-cFCkPslJv7BAXJsYlK1dZsbP8/ZNLkCAQ0bi1hf5EKX2QHegmDFEFA6QhuYJlk7UDdc+02JjO80YSOrWPpw06g==}
    engines: {node: 20 || >=22}
    hasBin: true

  semver@7.7.3:
    resolution: {integrity: sha512-SdsKMrI9TdgjdweUSR9MweHA4EJ8YxHn8DFaDisvhVlUOe4BF1tLD7GAj0lIqWVl+dPb/rExr0Btby5loQm20Q==}
    engines: {node: '>=10'}
    hasBin: true

  shebang-command@2.0.0:
    resolution: {integrity: sha512-kHxr2zZpYtdmrN1qDjrrX/Z1rR1kG8Dx+gkpK1G4eXmvXswmcE1hTWBWYUzlraYw1/yZp6YuDY77YtvbN0dmDA==}
    engines: {node: '>=8'}

  shebang-regex@3.0.0:
    resolution: {integrity: sha512-7++dFhtcx3353uBaq8DDR4NuxBetBzC7ZQOhmTQInHEd6bSrXdiEyzCvG07Z44UYdLShWUyXt5M/yhz8ekcb1A==}
    engines: {node: '>=8'}

  signal-exit@4.1.0:
    resolution: {integrity: sha512-bzyZ1e88w9O1iNJbKnOlvYTrWPDl46O1bG0D3XInv+9tkPrxrN8jUUTiFlDkkmKWgn1M6CfIA13SuGqOa9Korw==}
    engines: {node: '>=14'}

  strip-final-newline@4.0.0:
    resolution: {integrity: sha512-aulFJcD6YK8V1G7iRB5tigAP4TsHBZZrOV8pjV++zdUwmeV8uzbY7yn6h9MswN62adStNZFuCIx4haBnRuMDaw==}
    engines: {node: '>=18'}

  thingies@2.5.0:
    resolution: {integrity: sha512-s+2Bwztg6PhWUD7XMfeYm5qliDdSiZm7M7n8KjTkIsm3l/2lgVRc2/Gx/v+ZX8lT4FMA+i8aQvhcWylldc+ZNw==}
    engines: {node: '>=10.18'}
    peerDependencies:
      tslib: ^2

  tree-dump@1.1.0:
    resolution: {integrity: sha512-rMuvhU4MCDbcbnleZTFezWsaZXRFemSqAM+7jPnzUl1fo9w3YEKOxAeui0fz3OI4EU4hf23iyA7uQRVko+UaBA==}
    engines: {node: '>=10.0'}
    peerDependencies:
      tslib: '2'

  tslib@2.8.1:
    resolution: {integrity: sha512-oJFu94HQb+KVduSUQL7wnpmqnfmLsOA/nAh6b6EH0wCEoK0/mPeXU6c3wKDV83MkOuHPRHtSXKKU99IBazS/2w==}

  typescript@5.9.3:
    resolution: {integrity: sha512-jl1vZzPDinLr9eUt3J/t7V6FgNEw9QjvBPdysz9KfQDD41fQrC2Y4vKQdiaUpFT4bXlb1RHhLpp8wtm6M5TgSw==}
    engines: {node: '>=14.17'}
    hasBin: true

  undici-types@6.21.0:
    resolution: {integrity: sha512-iwDZqg0QAGrg9Rav5H4n0M64c3mkR59cJ6wQp+7C4nI0gsmExaedaYLNO44eT4AtBBwjbTiGPMlt2Md0T9H9JQ==}

  unicorn-magic@0.3.0:
    resolution: {integrity: sha512-+QBBXBCvifc56fsbuxZQ6Sic3wqqc3WWaqxs58gvJrcOuN83HGTCwz3oS5phzU9LthRNE9VrJCFCLUgHeeFnfA==}
    engines: {node: '>=18'}

  validate-npm-package-name@7.0.2:
    resolution: {integrity: sha512-hVDIBwsRruT73PbK7uP5ebUt+ezEtCmzZz3F59BSr2F6OVFnJ/6h8liuvdLrQ88Xmnk6/+xGGuq+pG9WwTuy3A==}
    engines: {node: ^20.17.0 || >=22.9.0}

  which@2.0.2:
    resolution: {integrity: sha512-BLI3Tl1TW3Pvl70l3yq3Y64i+awpwXqsGBYWkkqMtnbXgrMD+yj7rhW0kuEDxzJaYXGjEW5ogapKNMEKNMjibA==}
    engines: {node: '>= 8'}
    hasBin: true

  yoctocolors@2.1.2:
    resolution: {integrity: sha512-CzhO+pFNo8ajLM2d2IW/R93ipy99LWjtwblvC1RsoSUMZgyLbYFr221TnSNT7GjGdYui6P459mw9JH/g/zW2ug==}
    engines: {node: '>=18'}

  zod@3.25.76:
    resolution: {integrity: sha512-gzUt/qt81nXsFGKIFcC3YnfEAx5NkunCfnDlvuBSSFS02bcXu4Lmea0AFIUwbLWxWPx3d9p8S5QoaujKcNQxcQ==}

snapshots:

  '@isaacs/balanced-match@4.0.1': {}

  '@isaacs/brace-expansion@5.0.0':
    dependencies:
      '@isaacs/balanced-match': 4.0.1

  '@jsonjoy.com/base64@1.1.2(tslib@2.8.1)':
    dependencies:
      tslib: 2.8.1

  '@jsonjoy.com/base64@17.65.0(tslib@2.8.1)':
    dependencies:
      tslib: 2.8.1

  '@jsonjoy.com/buffers@1.2.1(tslib@2.8.1)':
    dependencies:
      tslib: 2.8.1

  '@jsonjoy.com/buffers@17.65.0(tslib@2.8.1)':
    dependencies:
      tslib: 2.8.1

  '@jsonjoy.com/codegen@1.0.0(tslib@2.8.1)':
    dependencies:
      tslib: 2.8.1

  '@jsonjoy.com/codegen@17.65.0(tslib@2.8.1)':
    dependencies:
      tslib: 2.8.1

  '@jsonjoy.com/fs-core@4.56.9(tslib@2.8.1)':
    dependencies:
      '@jsonjoy.com/fs-node-builtins': 4.56.9(tslib@2.8.1)
      '@jsonjoy.com/fs-node-utils': 4.56.9(tslib@2.8.1)
      thingies: 2.5.0(tslib@2.8.1)
      tslib: 2.8.1

  '@jsonjoy.com/fs-fsa@4.56.9(tslib@2.8.1)':
    dependencies:
      '@jsonjoy.com/fs-core': 4.56.9(tslib@2.8.1)
      '@jsonjoy.com/fs-node-builtins': 4.56.9(tslib@2.8.1)
      '@jsonjoy.com/fs-node-utils': 4.56.9(tslib@2.8.1)
      thingies: 2.5.0(tslib@2.8.1)
      tslib: 2.8.1

  '@jsonjoy.com/fs-node-builtins@4.56.9(tslib@2.8.1)':
    dependencies:
      tslib: 2.8.1

  '@jsonjoy.com/fs-node-to-fsa@4.56.9(tslib@2.8.1)':
    dependencies:
      '@jsonjoy.com/fs-fsa': 4.56.9(tslib@2.8.1)
      '@jsonjoy.com/fs-node-builtins': 4.56.9(tslib@2.8.1)
      '@jsonjoy.com/fs-node-utils': 4.56.9(tslib@2.8.1)
      tslib: 2.8.1

  '@jsonjoy.com/fs-node-utils@4.56.9(tslib@2.8.1)':
    dependencies:
      '@jsonjoy.com/fs-node-builtins': 4.56.9(tslib@2.8.1)
      tslib: 2.8.1

  '@jsonjoy.com/fs-node@4.56.9(tslib@2.8.1)':
    dependencies:
      '@jsonjoy.com/fs-core': 4.56.9(tslib@2.8.1)
      '@jsonjoy.com/fs-node-builtins': 4.56.9(tslib@2.8.1)
      '@jsonjoy.com/fs-node-utils': 4.56.9(tslib@2.8.1)
      '@jsonjoy.com/fs-print': 4.56.9(tslib@2.8.1)
      glob-to-regex.js: 1.2.0(tslib@2.8.1)
      thingies: 2.5.0(tslib@2.8.1)
      tslib: 2.8.1

  '@jsonjoy.com/fs-print@4.56.9(tslib@2.8.1)':
    dependencies:
      '@jsonjoy.com/fs-node-utils': 4.56.9(tslib@2.8.1)
      tree-dump: 1.1.0(tslib@2.8.1)
      tslib: 2.8.1

  '@jsonjoy.com/fs-snapshot@4.56.9(tslib@2.8.1)':
    dependencies:
      '@jsonjoy.com/buffers': 17.65.0(tslib@2.8.1)
      '@jsonjoy.com/fs-node-utils': 4.56.9(tslib@2.8.1)
      '@jsonjoy.com/json-pack': 17.65.0(tslib@2.8.1)
      '@jsonjoy.com/util': 17.65.0(tslib@2.8.1)
      tslib: 2.8.1

  '@jsonjoy.com/json-pack@1.21.0(tslib@2.8.1)':
    dependencies:
      '@jsonjoy.com/base64': 1.1.2(tslib@2.8.1)
      '@jsonjoy.com/buffers': 1.2.1(tslib@2.8.1)
      '@jsonjoy.com/codegen': 1.0.0(tslib@2.8.1)
      '@jsonjoy.com/json-pointer': 1.0.2(tslib@2.8.1)
      '@jsonjoy.com/util': 1.9.0(tslib@2.8.1)
      hyperdyperid: 1.2.0
      thingies: 2.5.0(tslib@2.8.1)
      tree-dump: 1.1.0(tslib@2.8.1)
      tslib: 2.8.1

  '@jsonjoy.com/json-pack@17.65.0(tslib@2.8.1)':
    dependencies:
      '@jsonjoy.com/base64': 17.65.0(tslib@2.8.1)
      '@jsonjoy.com/buffers': 17.65.0(tslib@2.8.1)
      '@jsonjoy.com/codegen': 17.65.0(tslib@2.8.1)
      '@jsonjoy.com/json-pointer': 17.65.0(tslib@2.8.1)
      '@jsonjoy.com/util': 17.65.0(tslib@2.8.1)
      hyperdyperid: 1.2.0
      thingies: 2.5.0(tslib@2.8.1)
      tree-dump: 1.1.0(tslib@2.8.1)
      tslib: 2.8.1

  '@jsonjoy.com/json-pointer@1.0.2(tslib@2.8.1)':
    dependencies:
      '@jsonjoy.com/codegen': 1.0.0(tslib@2.8.1)
      '@jsonjoy.com/util': 1.9.0(tslib@2.8.1)
      tslib: 2.8.1

  '@jsonjoy.com/json-pointer@17.65.0(tslib@2.8.1)':
    dependencies:
      '@jsonjoy.com/util': 17.65.0(tslib@2.8.1)
      tslib: 2.8.1

  '@jsonjoy.com/util@1.9.0(tslib@2.8.1)':
    dependencies:
      '@jsonjoy.com/buffers': 1.2.1(tslib@2.8.1)
      '@jsonjoy.com/codegen': 1.0.0(tslib@2.8.1)
      tslib: 2.8.1

  '@jsonjoy.com/util@17.65.0(tslib@2.8.1)':
    dependencies:
      '@jsonjoy.com/buffers': 17.65.0(tslib@2.8.1)
      '@jsonjoy.com/codegen': 17.65.0(tslib@2.8.1)
      tslib: 2.8.1

  '@sec-ant/readable-stream@0.4.1': {}

  '@sindresorhus/merge-streams@4.0.0': {}

  '@tanstack/cta-engine@0.48.0(tslib@2.8.1)':
    dependencies:
      ejs: 3.1.10
      execa: 9.6.1
      ignore: 7.0.5
      memfs: 4.56.9(tslib@2.8.1)
      parse-gitignore: 2.0.0
      prettier: 3.8.1
      rimraf: 6.1.2
      zod: 3.25.76
    transitivePeerDependencies:
      - tslib

  '@types/node@22.19.7':
    dependencies:
      undici-types: 6.21.0

  '@types/validate-npm-package-name@4.0.2': {}

  async@3.2.6: {}

  balanced-match@1.0.2: {}

  brace-expansion@2.0.2:
    dependencies:
      balanced-match: 1.0.2

  chalk@5.6.2: {}

  commander@13.1.0: {}

  cross-spawn@7.0.6:
    dependencies:
      path-key: 3.1.1
      shebang-command: 2.0.0
      which: 2.0.2

  ejs@3.1.10:
    dependencies:
      jake: 10.9.4

  execa@9.6.1:
    dependencies:
      '@sindresorhus/merge-streams': 4.0.0
      cross-spawn: 7.0.6
      figures: 6.1.0
      get-stream: 9.0.1
      human-signals: 8.0.1
      is-plain-obj: 4.1.0
      is-stream: 4.0.1
      npm-run-path: 6.0.0
      pretty-ms: 9.3.0
      signal-exit: 4.1.0
      strip-final-newline: 4.0.0
      yoctocolors: 2.1.2

  figures@6.1.0:
    dependencies:
      is-unicode-supported: 2.1.0

  filelist@1.0.4:
    dependencies:
      minimatch: 5.1.6

  get-stream@9.0.1:
    dependencies:
      '@sec-ant/readable-stream': 0.4.1
      is-stream: 4.0.1

  glob-to-regex.js@1.2.0(tslib@2.8.1):
    dependencies:
      tslib: 2.8.1

  glob@13.0.0:
    dependencies:
      minimatch: 10.1.1
      minipass: 7.1.2
      path-scurry: 2.0.1

  human-signals@8.0.1: {}

  hyperdyperid@1.2.0: {}

  ignore@7.0.5: {}

  is-plain-obj@4.1.0: {}

  is-stream@4.0.1: {}

  is-unicode-supported@2.1.0: {}

  isexe@2.0.0: {}

  jake@10.9.4:
    dependencies:
      async: 3.2.6
      filelist: 1.0.4
      picocolors: 1.1.1

  lru-cache@11.2.4: {}

  memfs@4.56.9(tslib@2.8.1):
    dependencies:
      '@jsonjoy.com/fs-core': 4.56.9(tslib@2.8.1)
      '@jsonjoy.com/fs-fsa': 4.56.9(tslib@2.8.1)
      '@jsonjoy.com/fs-node': 4.56.9(tslib@2.8.1)
      '@jsonjoy.com/fs-node-builtins': 4.56.9(tslib@2.8.1)
      '@jsonjoy.com/fs-node-to-fsa': 4.56.9(tslib@2.8.1)
      '@jsonjoy.com/fs-node-utils': 4.56.9(tslib@2.8.1)
      '@jsonjoy.com/fs-print': 4.56.9(tslib@2.8.1)
      '@jsonjoy.com/fs-snapshot': 4.56.9(tslib@2.8.1)
      '@jsonjoy.com/json-pack': 1.21.0(tslib@2.8.1)
      '@jsonjoy.com/util': 1.9.0(tslib@2.8.1)
      glob-to-regex.js: 1.2.0(tslib@2.8.1)
      thingies: 2.5.0(tslib@2.8.1)
      tree-dump: 1.1.0(tslib@2.8.1)
      tslib: 2.8.1

  minimatch@10.1.1:
    dependencies:
      '@isaacs/brace-expansion': 5.0.0

  minimatch@5.1.6:
    dependencies:
      brace-expansion: 2.0.2

  minipass@7.1.2: {}

  npm-run-path@6.0.0:
    dependencies:
      path-key: 4.0.0
      unicorn-magic: 0.3.0

  package-json-from-dist@1.0.1: {}

  parse-gitignore@2.0.0: {}

  parse-ms@4.0.0: {}

  path-key@3.1.1: {}

  path-key@4.0.0: {}

  path-scurry@2.0.1:
    dependencies:
      lru-cache: 11.2.4
      minipass: 7.1.2

  picocolors@1.1.1: {}

  prettier@3.8.1: {}

  pretty-ms@9.3.0:
    dependencies:
      parse-ms: 4.0.0

  rimraf@6.1.2:
    dependencies:
      glob: 13.0.0
      package-json-from-dist: 1.0.1

  semver@7.7.3: {}

  shebang-command@2.0.0:
    dependencies:
      shebang-regex: 3.0.0

  shebang-regex@3.0.0: {}

  signal-exit@4.1.0: {}

  strip-final-newline@4.0.0: {}

  thingies@2.5.0(tslib@2.8.1):
    dependencies:
      tslib: 2.8.1

  tree-dump@1.1.0(tslib@2.8.1):
    dependencies:
      tslib: 2.8.1

  tslib@2.8.1: {}

  typescript@5.9.3: {}

  undici-types@6.21.0: {}

  unicorn-magic@0.3.0: {}

  validate-npm-package-name@7.0.2: {}

  which@2.0.2:
    dependencies:
      isexe: 2.0.0

  yoctocolors@2.1.2: {}

  zod@3.25.76: {}
